
Microsoft Visual Studio Solution File, Format Version 12.00
# Visual Studio Version 17
VisualStudioVersion = 17.12.35527.113
MinimumVisualStudioVersion = 10.0.40219.1
Project("{FAE04EC0-301F-11D3-BF4B-00C04F79EFBC}") = "ChatServ.Api", "ChatServ.Api\ChatServ.Api.csproj", "{47F36C32-427F-4104-89F4-0A27DD6445D7}"
EndProject
Project("{FAE04EC0-301F-11D3-BF4B-00C04F79EFBC}") = "ChatServ.Core", "ChatServ.Core\ChatServ.Core.csproj", "{4669998C-49AB-4572-B653-D6BC48C1D56E}"
EndProject
Global
	GlobalSection(SolutionConfigurationPlatforms) = preSolution
		Debug|Any CPU = Debug|Any CPU
		Release|Any CPU = Release|Any CPU
	EndGlobalSection
	GlobalSection(ProjectConfigurationPlatforms) = postSolution
		{47F36C32-427F-4104-89F4-0A27DD6445D7}.Debug|Any CPU.ActiveCfg = Debug|Any CPU
		{47F36C32-427F-4104-89F4-0A27DD6445D7}.Debug|Any CPU.Build.0 = Debug|Any CPU
		{47F36C32-427F-4104-89F4-0A27DD6445D7}.Release|Any CPU.ActiveCfg = Release|Any CPU
		{47F36C32-427F-4104-89F4-0A27DD6445D7}.Release|Any CPU.Build.0 = Release|Any CPU
		{4669998C-49AB-4572-B653-D6BC48C1D56E}.Debug|Any CPU.ActiveCfg = Debug|Any CPU
		{4669998C-49AB-4572-B653-D6BC48C1D56E}.Debug|Any CPU.Build.0 = Debug|Any CPU
		{4669998C-49AB-4572-B653-D6BC48C1D56E}.Release|Any CPU.ActiveCfg = Release|Any CPU
		{4669998C-49AB-4572-B653-D6BC48C1D56E}.Release|Any CPU.Build.0 = Release|Any CPU
	EndGlobalSection
	GlobalSection(SolutionProperties) = preSolution
		HideSolutionNode = FALSE
	EndGlobalSection
EndGlobal
